
Microsoft Visual Studio Solution File, Format Version 12.00
# Visual Studio Version 17
VisualStudioVersion = 17.0.31903.59
MinimumVisualStudioVersion = 10.0.40219.1
Project("{FAE04EC0-301F-11D3-BF4B-00C04F79EFBC}") = "API", "API\API.csproj", "{4F960E25-3302-4AB0-A838-8A7491426D46}"
EndProject
Project("{FAE04EC0-301F-11D3-BF4B-00C04F79EFBC}") = "Core", "Core\Core.csproj", "{3F3BF310-1EAB-407D-A362-9A1800FA7226}"
EndProject
Project("{FAE04EC0-301F-11D3-BF4B-00C04F79EFBC}") = "Infrastructure", "Infrastructure\Infrastructure.csproj", "{A5873D8C-D89F-48FB-A7ED-8E031C048521}"
EndProject
Global
	GlobalSection(SolutionConfigurationPlatforms) = preSolution
		Debug|Any CPU = Debug|Any CPU
		Release|Any CPU = Release|Any CPU
	EndGlobalSection
	GlobalSection(SolutionProperties) = preSolution
		HideSolutionNode = FALSE
	EndGlobalSection
	GlobalSection(ProjectConfigurationPlatforms) = postSolution
		{4F960E25-3302-4AB0-A838-8A7491426D46}.Debug|Any CPU.ActiveCfg = Debug|Any CPU
		{4F960E25-3302-4AB0-A838-8A7491426D46}.Debug|Any CPU.Build.0 = Debug|Any CPU
		{4F960E25-3302-4AB0-A838-8A7491426D46}.Release|Any CPU.ActiveCfg = Release|Any CPU
		{4F960E25-3302-4AB0-A838-8A7491426D46}.Release|Any CPU.Build.0 = Release|Any CPU
		{3F3BF310-1EAB-407D-A362-9A1800FA7226}.Debug|Any CPU.ActiveCfg = Debug|Any CPU
		{3F3BF310-1EAB-407D-A362-9A1800FA7226}.Debug|Any CPU.Build.0 = Debug|Any CPU
		{3F3BF310-1EAB-407D-A362-9A1800FA7226}.Release|Any CPU.ActiveCfg = Release|Any CPU
		{3F3BF310-1EAB-407D-A362-9A1800FA7226}.Release|Any CPU.Build.0 = Release|Any CPU
		{A5873D8C-D89F-48FB-A7ED-8E031C048521}.Debug|Any CPU.ActiveCfg = Debug|Any CPU
		{A5873D8C-D89F-48FB-A7ED-8E031C048521}.Debug|Any CPU.Build.0 = Debug|Any CPU
		{A5873D8C-D89F-48FB-A7ED-8E031C048521}.Release|Any CPU.ActiveCfg = Release|Any CPU
		{A5873D8C-D89F-48FB-A7ED-8E031C048521}.Release|Any CPU.Build.0 = Release|Any CPU
	EndGlobalSection
EndGlobal
